
Microsoft Visual Studio Solution File, Format Version 12.00
# Visual Studio Version 17
VisualStudioVersion = 17.12.35527.113 d17.12
MinimumVisualStudioVersion = 10.0.40219.1
Project("{FAE04EC0-301F-11D3-BF4B-00C04F79EFBC}") = "VH_2ND_TASK.Api", "VH_2ND_TASK.Api\VH_2ND_TASK.Api.csproj", "{D93BA594-9D4C-4204-A29D-5591BD3EE580}"
EndProject
Project("{FAE04EC0-301F-11D3-BF4B-00C04F79EFBC}") = "VH_2ND_TASK.Application", "VH_2ND_TASK.Application\VH_2ND_TASK.Application.csproj", "{D63AABE6-0CF7-4286-8773-003EEBC55776}"
EndProject
Project("{FAE04EC0-301F-11D3-BF4B-00C04F79EFBC}") = "VH_2ND_TASK.Infrastructure", "VH_2ND_TASK.Infrastructure\VH_2ND_TASK.Infrastructure.csproj", "{B030B813-CAC4-4B9D-8FD4-28ABB656B750}"
EndProject
Global
	GlobalSection(SolutionConfigurationPlatforms) = preSolution
		Debug|Any CPU = Debug|Any CPU
		Release|Any CPU = Release|Any CPU
	EndGlobalSection
	GlobalSection(ProjectConfigurationPlatforms) = postSolution
		{D93BA594-9D4C-4204-A29D-5591BD3EE580}.Debug|Any CPU.ActiveCfg = Debug|Any CPU
		{D93BA594-9D4C-4204-A29D-5591BD3EE580}.Debug|Any CPU.Build.0 = Debug|Any CPU
		{D93BA594-9D4C-4204-A29D-5591BD3EE580}.Release|Any CPU.ActiveCfg = Release|Any CPU
		{D93BA594-9D4C-4204-A29D-5591BD3EE580}.Release|Any CPU.Build.0 = Release|Any CPU
		{D63AABE6-0CF7-4286-8773-003EEBC55776}.Debug|Any CPU.ActiveCfg = Debug|Any CPU
		{D63AABE6-0CF7-4286-8773-003EEBC55776}.Debug|Any CPU.Build.0 = Debug|Any CPU
		{D63AABE6-0CF7-4286-8773-003EEBC55776}.Release|Any CPU.ActiveCfg = Release|Any CPU
		{D63AABE6-0CF7-4286-8773-003EEBC55776}.Release|Any CPU.Build.0 = Release|Any CPU
		{B030B813-CAC4-4B9D-8FD4-28ABB656B750}.Debug|Any CPU.ActiveCfg = Debug|Any CPU
		{B030B813-CAC4-4B9D-8FD4-28ABB656B750}.Debug|Any CPU.Build.0 = Debug|Any CPU
		{B030B813-CAC4-4B9D-8FD4-28ABB656B750}.Release|Any CPU.ActiveCfg = Release|Any CPU
		{B030B813-CAC4-4B9D-8FD4-28ABB656B750}.Release|Any CPU.Build.0 = Release|Any CPU
	EndGlobalSection
	GlobalSection(SolutionProperties) = preSolution
		HideSolutionNode = FALSE
	EndGlobalSection
EndGlobal
